
Microsoft Visual Studio Solution File, Format Version 11.00
# Visual C++ Express 2010
Project("{8BC9CEB8-8B4A-11D0-8D11-00A0C91BC942}") = "mvDetection", "mvDetection\mvDetection.vcxproj", "{F0D75E22-AA89-412B-9936-AEECAA5CE62B}"
EndProject
Global
	GlobalSection(SolutionConfigurationPlatforms) = preSolution
		Debug|Win32 = Debug|Win32
		Release|Win32 = Release|Win32
	EndGlobalSection
	GlobalSection(ProjectConfigurationPlatforms) = postSolution
		{F0D75E22-AA89-412B-9936-AEECAA5CE62B}.Debug|Win32.ActiveCfg = Debug|Win32
		{F0D75E22-AA89-412B-9936-AEECAA5CE62B}.Debug|Win32.Build.0 = Debug|Win32
		{F0D75E22-AA89-412B-9936-AEECAA5CE62B}.Release|Win32.ActiveCfg = Release|Win32
		{F0D75E22-AA89-412B-9936-AEECAA5CE62B}.Release|Win32.Build.0 = Release|Win32
	EndGlobalSection
	GlobalSection(SolutionProperties) = preSolution
		HideSolutionNode = FALSE
	EndGlobalSection
EndGlobal
